// !$*UTF8*$!
{
	archiveVersion = 1;
	classes = {
	};
	objectVersion = 46;
	objects = {

/* Begin PBXBuildFile section */
		1A0523121CA50777003FD20B /* AppDelegate.swift in Sources */ = {isa = PBXBuildFile; fileRef = 1A0523111CA50777003FD20B /* AppDelegate.swift */; };
		1A0523141CA50777003FD20B /* FirstViewController.swift in Sources */ = {isa = PBXBuildFile; fileRef = 1A0523131CA50777003FD20B /* FirstViewController.swift */; };
		1A0523161CA50777003FD20B /* SecondViewController.swift in Sources */ = {isa = PBXBuildFile; fileRef = 1A0523151CA50777003FD20B /* SecondViewController.swift */; };
		1A0523191CA50777003FD20B /* Main.storyboard in Resources */ = {isa = PBXBuildFile; fileRef = 1A0523171CA50777003FD20B /* Main.storyboard */; };
		1A05231B1CA50777003FD20B /* Assets.xcassets in Resources */ = {isa = PBXBuildFile; fileRef = 1A05231A1CA50777003FD20B /* Assets.xcassets */; };
		1A05231E1CA50777003FD20B /* LaunchScreen.storyboard in Resources */ = {isa = PBXBuildFile; fileRef = 1A05231C1CA50777003FD20B /* LaunchScreen.storyboard */; };
		1A0523261CA50819003FD20B /* Courses.swift in Sources */ = {isa = PBXBuildFile; fileRef = 1A0523251CA50819003FD20B /* Courses.swift */; };
		1AE8155D1CA509CD002DE896 /* allCourse.swift in Sources */ = {isa = PBXBuildFile; fileRef = 1AE8155C1CA509CD002DE896 /* allCourse.swift */; };
		1AE8155F1CA50F94002DE896 /* detailView.swift in Sources */ = {isa = PBXBuildFile; fileRef = 1AE8155E1CA50F94002DE896 /* detailView.swift */; };
		1AE815611CA512C9002DE896 /* CourseTableViewCell.swift in Sources */ = {isa = PBXBuildFile; fileRef = 1AE815601CA512C9002DE896 /* CourseTableViewCell.swift */; };
/* End PBXBuildFile section */

/* Begin PBXFileReference section */
		1A05230E1CA50777003FD20B /* alphaCampApp.app */ = {isa = PBXFileReference; explicitFileType = wrapper.application; includeInIndex = 0; path = alphaCampApp.app; sourceTree = BUILT_PRODUCTS_DIR; };
		1A0523111CA50777003FD20B /* AppDelegate.swift */ = {isa = PBXFileReference; lastKnownFileType = sourcecode.swift; path = AppDelegate.swift; sourceTree = "<group>"; };
		1A0523131CA50777003FD20B /* FirstViewController.swift */ = {isa = PBXFileReference; lastKnownFileType = sourcecode.swift; path = FirstViewController.swift; sourceTree = "<group>"; };
		1A0523151CA50777003FD20B /* SecondViewController.swift */ = {isa = PBXFileReference; lastKnownFileType = sourcecode.swift; path = SecondViewController.swift; sourceTree = "<group>"; };
		1A0523181CA50777003FD20B /* Base */ = {isa = PBXFileReference; lastKnownFileType = file.storyboard; name = Base; path = Base.lproj/Main.storyboard; sourceTree = "<group>"; };
		1A05231A1CA50777003FD20B /* Assets.xcassets */ = {isa = PBXFileReference; lastKnownFileType = folder.assetcatalog; path = Assets.xcassets; sourceTree = "<group>"; };
		1A05231D1CA50777003FD20B /* Base */ = {isa = PBXFileReference; lastKnownFileType = file.storyboard; name = Base; path = Base.lproj/LaunchScreen.storyboard; sourceTree = "<group>"; };
		1A05231F1CA50777003FD20B /* Info.plist */ = {isa = PBXFileReference; lastKnownFileType = text.plist.xml; path = Info.plist; sourceTree = "<group>"; };
		1A0523251CA50819003FD20B /* Courses.swift */ = {isa = PBXFileReference; fileEncoding = 4; lastKnownFileType = sourcecode.swift; path = Courses.swift; sourceTree = "<group>"; };
		1AE8155C1CA509CD002DE896 /* allCourse.swift */ = {isa = PBXFileReference; fileEncoding = 4; lastKnownFileType = sourcecode.swift; path = allCourse.swift; sourceTree = "<group>"; };
		1AE8155E1CA50F94002DE896 /* detailView.swift */ = {isa = PBXFileReference; fileEncoding = 4; lastKnownFileType = sourcecode.swift; path = detailView.swift; sourceTree = "<group>"; };
		1AE815601CA512C9002DE896 /* CourseTableViewCell.swift */ = {isa = PBXFileReference; fileEncoding = 4; lastKnownFileType = sourcecode.swift; path = CourseTableViewCell.swift; sourceTree = "<group>"; };
/* End PBXFileReference section */

/* Begin PBXFrameworksBuildPhase section */
		1A05230B1CA50777003FD20B /* Frameworks */ = {
			isa = PBXFrameworksBuildPhase;
			buildActionMask = 2147483647;
			files = (
			);
			runOnlyForDeploymentPostprocessing = 0;
		};
/* End PBXFrameworksBuildPhase section */

/* Begin PBXGroup section */
		1A0523051CA50777003FD20B = {
			isa = PBXGroup;
			children = (
				1A0523101CA50777003FD20B /* alphaCampApp */,
				1A05230F1CA50777003FD20B /* Products */,
			);
			sourceTree = "<group>";
		};
		1A05230F1CA50777003FD20B /* Products */ = {
			isa = PBXGroup;
			children = (
				1A05230E1CA50777003FD20B /* alphaCampApp.app */,
			);
			name = Products;
			sourceTree = "<group>";
		};
		1A0523101CA50777003FD20B /* alphaCampApp */ = {
			isa = PBXGroup;
			children = (
				1A0523111CA50777003FD20B /* AppDelegate.swift */,
				1A0523131CA50777003FD20B /* FirstViewController.swift */,
				1A0523151CA50777003FD20B /* SecondViewController.swift */,
				1AE8155E1CA50F94002DE896 /* detailView.swift */,
				1A0523171CA50777003FD20B /* Main.storyboard */,
				1AE815601CA512C9002DE896 /* CourseTableViewCell.swift */,
				1A0523251CA50819003FD20B /* Courses.swift */,
				1AE8155C1CA509CD002DE896 /* allCourse.swift */,
				1A05231A1CA50777003FD20B /* Assets.xcassets */,
				1A05231C1CA50777003FD20B /* LaunchScreen.storyboard */,
				1A05231F1CA50777003FD20B /* Info.plist */,
			);
			path = alphaCampApp;
			sourceTree = "<group>";
		};
/* End PBXGroup section */

/* Begin PBXNativeTarget section */
		1A05230D1CA50777003FD20B /* alphaCampApp */ = {
			isa = PBXNativeTarget;
			buildConfigurationList = 1A0523221CA50777003FD20B /* Build configuration list for PBXNativeTarget "alphaCampApp" */;
			buildPhases = (
				1A05230A1CA50777003FD20B /* Sources */,
				1A05230B1CA50777003FD20B /* Frameworks */,
				1A05230C1CA50777003FD20B /* Resources */,
			);
			buildRules = (
			);
			dependencies = (
			);
			name = alphaCampApp;
			productName = alphaCampApp;
			productReference = 1A05230E1CA50777003FD20B /* alphaCampApp.app */;
			productType = "com.apple.product-type.application";
		};
/* End PBXNativeTarget section */

/* Begin PBXProject section */
		1A0523061CA50777003FD20B /* Project object */ = {
			isa = PBXProject;
			attributes = {
				LastSwiftUpdateCheck = 0730;
				LastUpgradeCheck = 0730;
				ORGANIZATIONNAME = "Wu Kwok Ho";
				TargetAttributes = {
					1A05230D1CA50777003FD20B = {
						CreatedOnToolsVersion = 7.3;
					};
				};
			};
			buildConfigurationList = 1A0523091CA50777003FD20B /* Build configuration list for PBXProject "alphaCampApp" */;
			compatibilityVersion = "Xcode 3.2";
			developmentRegion = English;
			hasScannedForEncodings = 0;
			knownRegions = (
				en,
				Base,
			);
			mainGroup = 1A0523051CA50777003FD20B;
			productRefGroup = 1A05230F1CA50777003FD20B /* Products */;
			projectDirPath = "";
			projectRoot = "";
			targets = (
				1A05230D1CA50777003FD20B /* alphaCampApp */,
			);
		};
/* End PBXProject section */

/* Begin PBXResourcesBuildPhase section */
		1A05230C1CA50777003FD20B /* Resources */ = {
			isa = PBXResourcesBuildPhase;
			buildActionMask = 2147483647;
			files = (
				1A05231E1CA50777003FD20B /* LaunchScreen.storyboard in Resources */,
				1A05231B1CA50777003FD20B /* Assets.xcassets in Resources */,
				1A0523191CA50777003FD20B /* Main.storyboard in Resources */,
			);
			runOnlyForDeploymentPostprocessing = 0;
		};
/* End PBXResourcesBuildPhase section */

/* Begin PBXSourcesBuildPhase section */
		1A05230A1CA50777003FD20B /* Sources */ = {
			isa = PBXSourcesBuildPhase;
			buildActionMask = 2147483647;
			files = (
				1A0523261CA50819003FD20B /* Courses.swift in Sources */,
				1A0523161CA50777003FD20B /* SecondViewController.swift in Sources */,
				1A0523121CA50777003FD20B /* AppDelegate.swift in Sources */,
				1AE8155F1CA50F94002DE896 /* detailView.swift in Sources */,
				1A0523141CA50777003FD20B /* FirstViewController.swift in Sources */,
				1AE8155D1CA509CD002DE896 /* allCourse.swift in Sources */,
				1AE815611CA512C9002DE896 /* CourseTableViewCell.swift in Sources */,
			);
			runOnlyForDeploymentPostprocessing = 0;
		};
/* End PBXSourcesBuildPhase section */

/* Begin PBXVariantGroup section */
		1A0523171CA50777003FD20B /* Main.storyboard */ = {
			isa = PBXVariantGroup;
			children = (
				1A0523181CA50777003FD20B /* Base */,
			);
			name = Main.storyboard;
			sourceTree = "<group>";
		};
		1A05231C1CA50777003FD20B /* LaunchScreen.storyboard */ = {
			isa = PBXVariantGroup;
			children = (
				1A05231D1CA50777003FD20B /* Base */,
			);
			name = LaunchScreen.storyboard;
			sourceTree = "<group>";
		};
/* End PBXVariantGroup section */

/* Begin XCBuildConfiguration section */
		1A0523201CA50777003FD20B /* Debug */ = {
			isa = XCBuildConfiguration;
			buildSettings = {
				ALWAYS_SEARCH_USER_PATHS = NO;
				CLANG_ANALYZER_NONNULL = YES;
				CLANG_CXX_LANGUAGE_STANDARD = "gnu++0x";
				CLANG_CXX_LIBRARY = "libc++";
				CLANG_ENABLE_MODULES = YES;
				CLANG_ENABLE_OBJC_ARC = YES;
				CLANG_WARN_BOOL_CONVERSION = YES;
				CLANG_WARN_CONSTANT_CONVERSION = YES;
				CLANG_WARN_DIRECT_OBJC_ISA_USAGE = YES_ERROR;
				CLANG_WARN_EMPTY_BODY = YES;
				CLANG_WARN_ENUM_CONVERSION = YES;
				CLANG_WARN_INT_CONVERSION = YES;
				CLANG_WARN_OBJC_ROOT_CLASS = YES_ERROR;
				CLANG_WARN_UNREACHABLE_CODE = YES;
				CLANG_WARN__DUPLICATE_METHOD_MATCH = YES;
				"CODE_SIGN_IDENTITY[sdk=iphoneos*]" = "iPhone Developer";
				COPY_PHASE_STRIP = NO;
				DEBUG_INFORMATION_FORMAT = dwarf;
				ENABLE_STRICT_OBJC_MSGSEND = YES;
				ENABLE_TESTABILITY = YES;
				GCC_C_LANGUAGE_STANDARD = gnu99;
				GCC_DYNAMIC_NO_PIC = NO;
				GCC_NO_COMMON_BLOCKS = YES;
				GCC_OPTIMIZATION_LEVEL = 0;
				GCC_PREPROCESSOR_DEFINITIONS = (
					"DEBUG=1",
					"$(inherited)",
				);
				GCC_WARN_64_TO_32_BIT_CONVERSION = YES;
				GCC_WARN_ABOUT_RETURN_TYPE = YES_ERROR;
				GCC_WARN_UNDECLARED_SELECTOR = YES;
				GCC_WARN_UNINITIALIZED_AUTOS = YES_AGGRESSIVE;
				GCC_WARN_UNUSED_FUNCTION = YES;
				GCC_WARN_UNUSED_VARIABLE = YES;
				IPHONEOS_DEPLOYMENT_TARGET = 9.3;
				MTL_ENABLE_DEBUG_INFO = YES;
				ONLY_ACTIVE_ARCH = YES;
				SDKROOT = iphoneos;
				SWIFT_OPTIMIZATION_LEVEL = "-Onone";
				TARGETED_DEVICE_FAMILY = "1,2";
			};
			name = Debug;
		};
		1A0523211CA50777003FD20B /* Release */ = {
			isa = XCBuildConfiguration;
			buildSettings = {
				ALWAYS_SEARCH_USER_PATHS = NO;
				CLANG_ANALYZER_NONNULL = YES;
				CLANG_CXX_LANGUAGE_STANDARD = "gnu++0x";
				CLANG_CXX_LIBRARY = "libc++";
				CLANG_ENABLE_MODULES = YES;
				CLANG_ENABLE_OBJC_ARC = YES;
				CLANG_WARN_BOOL_CONVERSION = YES;
				CLANG_WARN_CONSTANT_CONVERSION = YES;
				CLANG_WARN_DIRECT_OBJC_ISA_USAGE = YES_ERROR;
				CLANG_WARN_EMPTY_BODY = YES;
				CLANG_WARN_ENUM_CONVERSION = YES;
				CLANG_WARN_INT_CONVERSION = YES;
				CLANG_WARN_OBJC_ROOT_CLASS = YES_ERROR;
				CLANG_WARN_UNREACHABLE_CODE = YES;
				CLANG_WARN__DUPLICATE_METHOD_MATCH = YES;
				"CODE_SIGN_IDENTITY[sdk=iphoneos*]" = "iPhone Developer";
				COPY_PHASE_STRIP = NO;
				DEBUG_INFORMATION_FORMAT = "dwarf-with-dsym";
				ENABLE_NS_ASSERTIONS = NO;
				ENABLE_STRICT_OBJC_MSGSEND = YES;
				GCC_C_LANGUAGE_STANDARD = gnu99;
				GCC_NO_COMMON_BLOCKS = YES;
				GCC_WARN_64_TO_32_BIT_CONVERSION = YES;
				GCC_WARN_ABOUT_RETURN_TYPE = YES_ERROR;
				GCC_WARN_UNDECLARED_SELECTOR = YES;
				GCC_WARN_UNINITIALIZED_AUTOS = YES_AGGRESSIVE;
				GCC_WARN_UNUSED_FUNCTION = YES;
				GCC_WARN_UNUSED_VARIABLE = YES;
				IPHONEOS_DEPLOYMENT_TARGET = 9.3;
				MTL_ENABLE_DEBUG_INFO = NO;
				SDKROOT = iphoneos;
				TARGETED_DEVICE_FAMILY = "1,2";
				VALIDATE_PRODUCT = YES;
			};
			name = Release;
		};
		1A0523231CA50777003FD20B /* Debug */ = {
			isa = XCBuildConfiguration;
			buildSettings = {
				ASSETCATALOG_COMPILER_APPICON_NAME = AppIcon;
				INFOPLIST_FILE = alphaCampApp/Info.plist;
				LD_RUNPATH_SEARCH_PATHS = "$(inherited) @executable_path/Frameworks";
				PRODUCT_BUNDLE_IDENTIFIER = Co.Alphacamp.alphaCampApp;
				PRODUCT_NAME = "$(TARGET_NAME)";
			};
			name = Debug;
		};
		1A0523241CA50777003FD20B /* Release */ = {
			isa = XCBuildConfiguration;
			buildSettings = {
				ASSETCATALOG_COMPILER_APPICON_NAME = AppIcon;
				INFOPLIST_FILE = alphaCampApp/Info.plist;
				LD_RUNPATH_SEARCH_PATHS = "$(inherited) @executable_path/Frameworks";
				PRODUCT_BUNDLE_IDENTIFIER = Co.Alphacamp.alphaCampApp;
				PRODUCT_NAME = "$(TARGET_NAME)";
			};
			name = Release;
		};
/* End XCBuildConfiguration section */

/* Begin XCConfigurationList section */
		1A0523091CA50777003FD20B /* Build configuration list for PBXProject "alphaCampApp" */ = {
			isa = XCConfigurationList;
			buildConfigurations = (
				1A0523201CA50777003FD20B /* Debug */,
				1A0523211CA50777003FD20B /* Release */,
			);
			defaultConfigurationIsVisible = 0;
			defaultConfigurationName = Release;
		};
		1A0523221CA50777003FD20B /* Build configuration list for PBXNativeTarget "alphaCampApp" */ = {
			isa = XCConfigurationList;
			buildConfigurations = (
				1A0523231CA50777003FD20B /* Debug */,
				1A0523241CA50777003FD20B /* Release */,
			);
			defaultConfigurationIsVisible = 0;
			defaultConfigurationName = Release;
		};
/* End XCConfigurationList section */
	};
	rootObject = 1A0523061CA50777003FD20B /* Project object */;
}
